PODS:
  - CocoaLumberjack (3.7.4):
    - CocoaLumberjack/Core (= 3.7.4)
  - CocoaLumberjack/Core (3.7.4)

DEPENDENCIES:
  - CocoaLumberjack

SPEC REPOS:
  https://github.com/CocoaPods/Specs.git:
    - CocoaLumberjack

SPEC CHECKSUMS:
  CocoaLumberjack: 543c79c114dadc3b1aba95641d8738b06b05b646

PODFILE CHECKSUM: e5e6300733839bbb405c88b88bd8c6174f7f8d58

COCOAPODS: 1.10.0.rc.1
